{
  "name": "tiny-rpg-hello-world",
  "version": "1.0.0",
  "lockfileVersion": 3,
  "requires": true,
  "packages": {
    "": {
      "name": "tiny-rpg-hello-world",
      "version": "1.0.0",
      "dependencies": {
        "tiny-rpg-studio-sdk": "file:../.."
      }
    },
    "../..": {
      "name": "tiny-rpg-studio-sdk",
      "version": "1.0.0",
      "devDependencies": {
        "@playwright/test": "^1.55.0",
        "@typescript-eslint/eslint-plugin": "^8.44.1",
        "@typescript-eslint/parser": "^8.44.1",
        "@vitest/coverage-v8": "^4.0.18",
        "concurrently": "^9.2.1",
        "eslint": "^9.35.0",
        "jsdom": "^24.1.0",
        "typescript": "~5.9.3",
        "vite": "^7.2.4",
        "vite-plugin-pwa": "^1.2.0",
        "vitest": "^4.0.18"
      }
    },
    "node_modules/tiny-rpg-studio-sdk": {
      "resolved": "../..",
      "link": true
    }
  }
}
